
Microsoft Visual Studio Solution File, Format Version 12.00
# Visual Studio Version 16
VisualStudioVersion = 25.0.1703.5
MinimumVisualStudioVersion = 10.0.40219.1
Project("{FAE04EC0-301F-11D3-BF4B-00C04F79EFBC}") = "lab4", "lab4\lab4.csproj", "{9C626BE2-994B-4458-876C-EC7A62EA3F4A}"
EndProject
Global
	GlobalSection(SolutionConfigurationPlatforms) = preSolution
		Debug|Any CPU = Debug|Any CPU
		Release|Any CPU = Release|Any CPU
	EndGlobalSection
	GlobalSection(ProjectConfigurationPlatforms) = postSolution
		{9C626BE2-994B-4458-876C-EC7A62EA3F4A}.Debug|Any CPU.ActiveCfg = Debug|Any CPU
		{9C626BE2-994B-4458-876C-EC7A62EA3F4A}.Debug|Any CPU.Build.0 = Debug|Any CPU
		{9C626BE2-994B-4458-876C-EC7A62EA3F4A}.Release|Any CPU.ActiveCfg = Release|Any CPU
		{9C626BE2-994B-4458-876C-EC7A62EA3F4A}.Release|Any CPU.Build.0 = Release|Any CPU
	EndGlobalSection
	GlobalSection(SolutionProperties) = preSolution
		HideSolutionNode = FALSE
	EndGlobalSection
	GlobalSection(ExtensibilityGlobals) = postSolution
		SolutionGuid = {309418EF-94D8-4445-9D6A-D9711D435EE5}
	EndGlobalSection
EndGlobal
